// !$*UTF8*$!
{
	archiveVersion = 1;
	classes = {
	};
	objectVersion = 46;
	objects = {

/* Begin PBXBuildFile section */
		DBFCA9FF1A9BA71500FAD701 /* main.m in Sources */ = {isa = PBXBuildFile; fileRef = DBFCA9FE1A9BA71500FAD701 /* main.m */; };
		DBFCAA021A9BA71500FAD701 /* AppDelegate.m in Sources */ = {isa = PBXBuildFile; fileRef = DBFCAA011A9BA71500FAD701 /* AppDelegate.m */; };
		DBFCAA051A9BA71500FAD701 /* ViewController.m in Sources */ = {isa = PBXBuildFile; fileRef = DBFCAA041A9BA71500FAD701 /* ViewController.m */; };
		DBFCAA081A9BA71500FAD701 /* Main.storyboard in Resources */ = {isa = PBXBuildFile; fileRef = DBFCAA061A9BA71500FAD701 /* Main.storyboard */; };
		DBFCAA0A1A9BA71500FAD701 /* Images.xcassets in Resources */ = {isa = PBXBuildFile; fileRef = DBFCAA091A9BA71500FAD701 /* Images.xcassets */; };
		DBFCAA0D1A9BA71500FAD701 /* LaunchScreen.xib in Resources */ = {isa = PBXBuildFile; fileRef = DBFCAA0B1A9BA71500FAD701 /* LaunchScreen.xib */; };
		DBFCAA191A9BA71500FAD701 /* That_s_RadTests.m in Sources */ = {isa = PBXBuildFile; fileRef = DBFCAA181A9BA71500FAD701 /* That_s_RadTests.m */; };
/* End PBXBuildFile section */

/* Begin PBXContainerItemProxy section */
		DBFCAA131A9BA71500FAD701 /* PBXContainerItemProxy */ = {
			isa = PBXContainerItemProxy;
			containerPortal = DBFCA9F11A9BA71500FAD701 /* Project object */;
			proxyType = 1;
			remoteGlobalIDString = DBFCA9F81A9BA71500FAD701;
			remoteInfo = "That's Rad";
		};
/* End PBXContainerItemProxy section */

/* Begin PBXFileReference section */
		DBFCA9F91A9BA71500FAD701 /* That's Rad.app */ = {isa = PBXFileReference; explicitFileType = wrapper.application; includeInIndex = 0; path = "That's Rad.app"; sourceTree = BUILT_PRODUCTS_DIR; };
		DBFCA9FD1A9BA71500FAD701 /* Info.plist */ = {isa = PBXFileReference; lastKnownFileType = text.plist.xml; path = Info.plist; sourceTree = "<group>"; };
		DBFCA9FE1A9BA71500FAD701 /* main.m */ = {isa = PBXFileReference; lastKnownFileType = sourcecode.c.objc; path = main.m; sourceTree = "<group>"; };
		DBFCAA001A9BA71500FAD701 /* AppDelegate.h */ = {isa = PBXFileReference; lastKnownFileType = sourcecode.c.h; path = AppDelegate.h; sourceTree = "<group>"; };
		DBFCAA011A9BA71500FAD701 /* AppDelegate.m */ = {isa = PBXFileReference; lastKnownFileType = sourcecode.c.objc; path = AppDelegate.m; sourceTree = "<group>"; };
		DBFCAA031A9BA71500FAD701 /* ViewController.h */ = {isa = PBXFileReference; lastKnownFileType = sourcecode.c.h; path = ViewController.h; sourceTree = "<group>"; };
		DBFCAA041A9BA71500FAD701 /* ViewController.m */ = {isa = PBXFileReference; lastKnownFileType = sourcecode.c.objc; path = ViewController.m; sourceTree = "<group>"; };
		DBFCAA071A9BA71500FAD701 /* Base */ = {isa = PBXFileReference; lastKnownFileType = file.storyboard; name = Base; path = Base.lproj/Main.storyboard; sourceTree = "<group>"; };
		DBFCAA091A9BA71500FAD701 /* Images.xcassets */ = {isa = PBXFileReference; lastKnownFileType = folder.assetcatalog; path = Images.xcassets; sourceTree = "<group>"; };
		DBFCAA0C1A9BA71500FAD701 /* Base */ = {isa = PBXFileReference; lastKnownFileType = file.xib; name = Base; path = Base.lproj/LaunchScreen.xib; sourceTree = "<group>"; };
		DBFCAA121A9BA71500FAD701 /* That's RadTests.xctest */ = {isa = PBXFileReference; explicitFileType = wrapper.cfbundle; includeInIndex = 0; path = "That's RadTests.xctest"; sourceTree = BUILT_PRODUCTS_DIR; };
		DBFCAA171A9BA71500FAD701 /* Info.plist */ = {isa = PBXFileReference; lastKnownFileType = text.plist.xml; path = Info.plist; sourceTree = "<group>"; };
		DBFCAA181A9BA71500FAD701 /* That_s_RadTests.m */ = {isa = PBXFileReference; lastKnownFileType = sourcecode.c.objc; path = That_s_RadTests.m; sourceTree = "<group>"; };
/* End PBXFileReference section */

/* Begin PBXFrameworksBuildPhase section */
		DBFCA9F61A9BA71500FAD701 /* Frameworks */ = {
			isa = PBXFrameworksBuildPhase;
			buildActionMask = 2147483647;
			files = (
			);
			runOnlyForDeploymentPostprocessing = 0;
		};
		DBFCAA0F1A9BA71500FAD701 /* Frameworks */ = {
			isa = PBXFrameworksBuildPhase;
			buildActionMask = 2147483647;
			files = (
			);
			runOnlyForDeploymentPostprocessing = 0;
		};
/* End PBXFrameworksBuildPhase section */

/* Begin PBXGroup section */
		DBFCA9F01A9BA71500FAD701 = {
			isa = PBXGroup;
			children = (
				DBFCA9FB1A9BA71500FAD701 /* That's Rad */,
				DBFCAA151A9BA71500FAD701 /* That's RadTests */,
				DBFCA9FA1A9BA71500FAD701 /* Products */,
			);
			sourceTree = "<group>";
		};
		DBFCA9FA1A9BA71500FAD701 /* Products */ = {
			isa = PBXGroup;
			children = (
				DBFCA9F91A9BA71500FAD701 /* That's Rad.app */,
				DBFCAA121A9BA71500FAD701 /* That's RadTests.xctest */,
			);
			name = Products;
			sourceTree = "<group>";
		};
		DBFCA9FB1A9BA71500FAD701 /* That's Rad */ = {
			isa = PBXGroup;
			children = (
				DBFCAA001A9BA71500FAD701 /* AppDelegate.h */,
				DBFCAA011A9BA71500FAD701 /* AppDelegate.m */,
				DBFCAA031A9BA71500FAD701 /* ViewController.h */,
				DBFCAA041A9BA71500FAD701 /* ViewController.m */,
				DBFCAA061A9BA71500FAD701 /* Main.storyboard */,
				DBFCAA091A9BA71500FAD701 /* Images.xcassets */,
				DBFCAA0B1A9BA71500FAD701 /* LaunchScreen.xib */,
				DBFCA9FC1A9BA71500FAD701 /* Supporting Files */,
			);
			path = "That's Rad";
			sourceTree = "<group>";
		};
		DBFCA9FC1A9BA71500FAD701 /* Supporting Files */ = {
			isa = PBXGroup;
			children = (
				DBFCA9FD1A9BA71500FAD701 /* Info.plist */,
				DBFCA9FE1A9BA71500FAD701 /* main.m */,
			);
			name = "Supporting Files";
			sourceTree = "<group>";
		};
		DBFCAA151A9BA71500FAD701 /* That's RadTests */ = {
			isa = PBXGroup;
			children = (
				DBFCAA181A9BA71500FAD701 /* That_s_RadTests.m */,
				DBFCAA161A9BA71500FAD701 /* Supporting Files */,
			);
			path = "That's RadTests";
			sourceTree = "<group>";
		};
		DBFCAA161A9BA71500FAD701 /* Supporting Files */ = {
			isa = PBXGroup;
			children = (
				DBFCAA171A9BA71500FAD701 /* Info.plist */,
			);
			name = "Supporting Files";
			sourceTree = "<group>";
		};
/* End PBXGroup section */

/* Begin PBXNativeTarget section */
		DBFCA9F81A9BA71500FAD701 /* That's Rad */ = {
			isa = PBXNativeTarget;
			buildConfigurationList = DBFCAA1C1A9BA71500FAD701 /* Build configuration list for PBXNativeTarget "That's Rad" */;
			buildPhases = (
				DBFCA9F51A9BA71500FAD701 /* Sources */,
				DBFCA9F61A9BA71500FAD701 /* Frameworks */,
				DBFCA9F71A9BA71500FAD701 /* Resources */,
			);
			buildRules = (
			);
			dependencies = (
			);
			name = "That's Rad";
			productName = "That's Rad";
			productReference = DBFCA9F91A9BA71500FAD701 /* That's Rad.app */;
			productType = "com.apple.product-type.application";
		};
		DBFCAA111A9BA71500FAD701 /* That's RadTests */ = {
			isa = PBXNativeTarget;
			buildConfigurationList = DBFCAA1F1A9BA71500FAD701 /* Build configuration list for PBXNativeTarget "That's RadTests" */;
			buildPhases = (
				DBFCAA0E1A9BA71500FAD701 /* Sources */,
				DBFCAA0F1A9BA71500FAD701 /* Frameworks */,
				DBFCAA101A9BA71500FAD701 /* Resources */,
			);
			buildRules = (
			);
			dependencies = (
				DBFCAA141A9BA71500FAD701 /* PBXTargetDependency */,
			);
			name = "That's RadTests";
			productName = "That's RadTests";
			productReference = DBFCAA121A9BA71500FAD701 /* That's RadTests.xctest */;
			productType = "com.apple.product-type.bundle.unit-test";
		};
/* End PBXNativeTarget section */

/* Begin PBXProject section */
		DBFCA9F11A9BA71500FAD701 /* Project object */ = {
			isa = PBXProject;
			attributes = {
				LastUpgradeCheck = 0610;
				ORGANIZATIONNAME = "Jarrek Holmes";
				TargetAttributes = {
					DBFCA9F81A9BA71500FAD701 = {
						CreatedOnToolsVersion = 6.1.1;
					};
					DBFCAA111A9BA71500FAD701 = {
						CreatedOnToolsVersion = 6.1.1;
						TestTargetID = DBFCA9F81A9BA71500FAD701;
					};
				};
			};
			buildConfigurationList = DBFCA9F41A9BA71500FAD701 /* Build configuration list for PBXProject "That's Rad" */;
			compatibilityVersion = "Xcode 3.2";
			developmentRegion = English;
			hasScannedForEncodings = 0;
			knownRegions = (
				en,
				Base,
			);
			mainGroup = DBFCA9F01A9BA71500FAD701;
			productRefGroup = DBFCA9FA1A9BA71500FAD701 /* Products */;
			projectDirPath = "";
			projectRoot = "";
			targets = (
				DBFCA9F81A9BA71500FAD701 /* That's Rad */,
				DBFCAA111A9BA71500FAD701 /* That's RadTests */,
			);
		};
/* End PBXProject section */

/* Begin PBXResourcesBuildPhase section */
		DBFCA9F71A9BA71500FAD701 /* Resources */ = {
			isa = PBXResourcesBuildPhase;
			buildActionMask = 2147483647;
			files = (
				DBFCAA081A9BA71500FAD701 /* Main.storyboard in Resources */,
				DBFCAA0D1A9BA71500FAD701 /* LaunchScreen.xib in Resources */,
				DBFCAA0A1A9BA71500FAD701 /* Images.xcassets in Resources */,
			);
			runOnlyForDeploymentPostprocessing = 0;
		};
		DBFCAA101A9BA71500FAD701 /* Resources */ = {
			isa = PBXResourcesBuildPhase;
			buildActionMask = 2147483647;
			files = (
			);
			runOnlyForDeploymentPostprocessing = 0;
		};
/* End PBXResourcesBuildPhase section */

/* Begin PBXSourcesBuildPhase section */
		DBFCA9F51A9BA71500FAD701 /* Sources */ = {
			isa = PBXSourcesBuildPhase;
			buildActionMask = 2147483647;
			files = (
				DBFCAA051A9BA71500FAD701 /* ViewController.m in Sources */,
				DBFCAA021A9BA71500FAD701 /* AppDelegate.m in Sources */,
				DBFCA9FF1A9BA71500FAD701 /* main.m in Sources */,
			);
			runOnlyForDeploymentPostprocessing = 0;
		};
		DBFCAA0E1A9BA71500FAD701 /* Sources */ = {
			isa = PBXSourcesBuildPhase;
			buildActionMask = 2147483647;
			files = (
				DBFCAA191A9BA71500FAD701 /* That_s_RadTests.m in Sources */,
			);
			runOnlyForDeploymentPostprocessing = 0;
		};
/* End PBXSourcesBuildPhase section */

/* Begin PBXTargetDependency section */
		DBFCAA141A9BA71500FAD701 /* PBXTargetDependency */ = {
			isa = PBXTargetDependency;
			target = DBFCA9F81A9BA71500FAD701 /* That's Rad */;
			targetProxy = DBFCAA131A9BA71500FAD701 /* PBXContainerItemProxy */;
		};
/* End PBXTargetDependency section */

/* Begin PBXVariantGroup section */
		DBFCAA061A9BA71500FAD701 /* Main.storyboard */ = {
			isa = PBXVariantGroup;
			children = (
				DBFCAA071A9BA71500FAD701 /* Base */,
			);
			name = Main.storyboard;
			sourceTree = "<group>";
		};
		DBFCAA0B1A9BA71500FAD701 /* LaunchScreen.xib */ = {
			isa = PBXVariantGroup;
			children = (
				DBFCAA0C1A9BA71500FAD701 /* Base */,
			);
			name = LaunchScreen.xib;
			sourceTree = "<group>";
		};
/* End PBXVariantGroup section */

/* Begin XCBuildConfiguration section */
		DBFCAA1A1A9BA71500FAD701 /* Debug */ = {
			isa = XCBuildConfiguration;
			buildSettings = {
				ALWAYS_SEARCH_USER_PATHS = NO;
				CLANG_CXX_LANGUAGE_STANDARD = "gnu++0x";
				CLANG_CXX_LIBRARY = "libc++";
				CLANG_ENABLE_MODULES = YES;
				CLANG_ENABLE_OBJC_ARC = YES;
				CLANG_WARN_BOOL_CONVERSION = YES;
				CLANG_WARN_CONSTANT_CONVERSION = YES;
				CLANG_WARN_DIRECT_OBJC_ISA_USAGE = YES_ERROR;
				CLANG_WARN_EMPTY_BODY = YES;
				CLANG_WARN_ENUM_CONVERSION = YES;
				CLANG_WARN_INT_CONVERSION = YES;
				CLANG_WARN_OBJC_ROOT_CLASS = YES_ERROR;
				CLANG_WARN_UNREACHABLE_CODE = YES;
				CLANG_WARN__DUPLICATE_METHOD_MATCH = YES;
				"CODE_SIGN_IDENTITY[sdk=iphoneos*]" = "iPhone Developer";
				COPY_PHASE_STRIP = NO;
				ENABLE_STRICT_OBJC_MSGSEND = YES;
				GCC_C_LANGUAGE_STANDARD = gnu99;
				GCC_DYNAMIC_NO_PIC = NO;
				GCC_OPTIMIZATION_LEVEL = 0;
				GCC_PREPROCESSOR_DEFINITIONS = (
					"DEBUG=1",
					"$(inherited)",
				);
				GCC_SYMBOLS_PRIVATE_EXTERN = NO;
				GCC_WARN_64_TO_32_BIT_CONVERSION = YES;
				GCC_WARN_ABOUT_RETURN_TYPE = YES_ERROR;
				GCC_WARN_UNDECLARED_SELECTOR = YES;
				GCC_WARN_UNINITIALIZED_AUTOS = YES_AGGRESSIVE;
				GCC_WARN_UNUSED_FUNCTION = YES;
				GCC_WARN_UNUSED_VARIABLE = YES;
				IPHONEOS_DEPLOYMENT_TARGET = 8.1;
				MTL_ENABLE_DEBUG_INFO = YES;
				ONLY_ACTIVE_ARCH = YES;
				SDKROOT = iphoneos;
				TARGETED_DEVICE_FAMILY = "1,2";
			};
			name = Debug;
		};
		DBFCAA1B1A9BA71500FAD701 /* Release */ = {
			isa = XCBuildConfiguration;
			buildSettings = {
				ALWAYS_SEARCH_USER_PATHS = NO;
				CLANG_CXX_LANGUAGE_STANDARD = "gnu++0x";
				CLANG_CXX_LIBRARY = "libc++";
				CLANG_ENABLE_MODULES = YES;
				CLANG_ENABLE_OBJC_ARC = YES;
				CLANG_WARN_BOOL_CONVERSION = YES;
				CLANG_WARN_CONSTANT_CONVERSION = YES;
				CLANG_WARN_DIRECT_OBJC_ISA_USAGE = YES_ERROR;
				CLANG_WARN_EMPTY_BODY = YES;
				CLANG_WARN_ENUM_CONVERSION = YES;
				CLANG_WARN_INT_CONVERSION = YES;
				CLANG_WARN_OBJC_ROOT_CLASS = YES_ERROR;
				CLANG_WARN_UNREACHABLE_CODE = YES;
				CLANG_WARN__DUPLICATE_METHOD_MATCH = YES;
				"CODE_SIGN_IDENTITY[sdk=iphoneos*]" = "iPhone Developer";
				COPY_PHASE_STRIP = YES;
				ENABLE_NS_ASSERTIONS = NO;
				ENABLE_STRICT_OBJC_MSGSEND = YES;
				GCC_C_LANGUAGE_STANDARD = gnu99;
				GCC_WARN_64_TO_32_BIT_CONVERSION = YES;
				GCC_WARN_ABOUT_RETURN_TYPE = YES_ERROR;
				GCC_WARN_UNDECLARED_SELECTOR = YES;
				GCC_WARN_UNINITIALIZED_AUTOS = YES_AGGRESSIVE;
				GCC_WARN_UNUSED_FUNCTION = YES;
				GCC_WARN_UNUSED_VARIABLE = YES;
				IPHONEOS_DEPLOYMENT_TARGET = 8.1;
				MTL_ENABLE_DEBUG_INFO = NO;
				SDKROOT = iphoneos;
				TARGETED_DEVICE_FAMILY = "1,2";
				VALIDATE_PRODUCT = YES;
			};
			name = Release;
		};
		DBFCAA1D1A9BA71500FAD701 /* Debug */ = {
			isa = XCBuildConfiguration;
			buildSettings = {
				ASSETCATALOG_COMPILER_APPICON_NAME = AppIcon;
				INFOPLIST_FILE = "That's Rad/Info.plist";
				LD_RUNPATH_SEARCH_PATHS = "$(inherited) @executable_path/Frameworks";
				PRODUCT_NAME = "$(TARGET_NAME)";
			};
			name = Debug;
		};
		DBFCAA1E1A9BA71500FAD701 /* Release */ = {
			isa = XCBuildConfiguration;
			buildSettings = {
				ASSETCATALOG_COMPILER_APPICON_NAME = AppIcon;
				INFOPLIST_FILE = "That's Rad/Info.plist";
				LD_RUNPATH_SEARCH_PATHS = "$(inherited) @executable_path/Frameworks";
				PRODUCT_NAME = "$(TARGET_NAME)";
			};
			name = Release;
		};
		DBFCAA201A9BA71500FAD701 /* Debug */ = {
			isa = XCBuildConfiguration;
			buildSettings = {
				BUNDLE_LOADER = "$(TEST_HOST)";
				FRAMEWORK_SEARCH_PATHS = (
					"$(SDKROOT)/Developer/Library/Frameworks",
					"$(inherited)",
				);
				GCC_PREPROCESSOR_DEFINITIONS = (
					"DEBUG=1",
					"$(inherited)",
				);
				INFOPLIST_FILE = "That's RadTests/Info.plist";
				LD_RUNPATH_SEARCH_PATHS = "$(inherited) @executable_path/Frameworks @loader_path/Frameworks";
				PRODUCT_NAME = "$(TARGET_NAME)";
				TEST_HOST = "$(BUILT_PRODUCTS_DIR)/That's Rad.app/That's Rad";
			};
			name = Debug;
		};
		DBFCAA211A9BA71500FAD701 /* Release */ = {
			isa = XCBuildConfiguration;
			buildSettings = {
				BUNDLE_LOADER = "$(TEST_HOST)";
				FRAMEWORK_SEARCH_PATHS = (
					"$(SDKROOT)/Developer/Library/Frameworks",
					"$(inherited)",
				);
				INFOPLIST_FILE = "That's RadTests/Info.plist";
				LD_RUNPATH_SEARCH_PATHS = "$(inherited) @executable_path/Frameworks @loader_path/Frameworks";
				PRODUCT_NAME = "$(TARGET_NAME)";
				TEST_HOST = "$(BUILT_PRODUCTS_DIR)/That's Rad.app/That's Rad";
			};
			name = Release;
		};
/* End XCBuildConfiguration section */

/* Begin XCConfigurationList section */
		DBFCA9F41A9BA71500FAD701 /* Build configuration list for PBXProject "That's Rad" */ = {
			isa = XCConfigurationList;
			buildConfigurations = (
				DBFCAA1A1A9BA71500FAD701 /* Debug */,
				DBFCAA1B1A9BA71500FAD701 /* Release */,
			);
			defaultConfigurationIsVisible = 0;
			defaultConfigurationName = Release;
		};
		DBFCAA1C1A9BA71500FAD701 /* Build configuration list for PBXNativeTarget "That's Rad" */ = {
			isa = XCConfigurationList;
			buildConfigurations = (
				DBFCAA1D1A9BA71500FAD701 /* Debug */,
				DBFCAA1E1A9BA71500FAD701 /* Release */,
			);
			defaultConfigurationIsVisible = 0;
		};
		DBFCAA1F1A9BA71500FAD701 /* Build configuration list for PBXNativeTarget "That's RadTests" */ = {
			isa = XCConfigurationList;
			buildConfigurations = (
				DBFCAA201A9BA71500FAD701 /* Debug */,
				DBFCAA211A9BA71500FAD701 /* Release */,
			);
			defaultConfigurationIsVisible = 0;
		};
/* End XCConfigurationList section */
	};
	rootObject = DBFCA9F11A9BA71500FAD701 /* Project object */;
}
